
Microsoft Visual Studio Solution File, Format Version 12.00
# Visual Studio Version 16
VisualStudioVersion = 16.0.32228.343
MinimumVisualStudioVersion = 10.0.40219.1
Project("{FAE04EC0-301F-11D3-BF4B-00C04F79EFBC}") = "SlipGenerator", "SlipGenerator\SlipGenerator.csproj", "{3ADFD3D5-95A4-4974-89D5-98E3999C8F46}"
EndProject
Global
	GlobalSection(SolutionConfigurationPlatforms) = preSolution
		Debug|Any CPU = Debug|Any CPU
		Release|Any CPU = Release|Any CPU
	EndGlobalSection
	GlobalSection(ProjectConfigurationPlatforms) = postSolution
		{3ADFD3D5-95A4-4974-89D5-98E3999C8F46}.Debug|Any CPU.ActiveCfg = Debug|Any CPU
		{3ADFD3D5-95A4-4974-89D5-98E3999C8F46}.Debug|Any CPU.Build.0 = Debug|Any CPU
		{3ADFD3D5-95A4-4974-89D5-98E3999C8F46}.Release|Any CPU.ActiveCfg = Release|Any CPU
		{3ADFD3D5-95A4-4974-89D5-98E3999C8F46}.Release|Any CPU.Build.0 = Release|Any CPU
	EndGlobalSection
	GlobalSection(SolutionProperties) = preSolution
		HideSolutionNode = FALSE
	EndGlobalSection
	GlobalSection(ExtensibilityGlobals) = postSolution
		SolutionGuid = {8D54E0B8-26E2-413F-9AFB-A7E39A44E274}
	EndGlobalSection
EndGlobal
